{
  "version": 4,
  "terraform_version": "1.2.1",
  "serial": 119,
  "lineage": "81dde65e-20fb-c92e-8b15-fcb8b4dcd6b4",
  "outputs": {},
  "resources": [
    {
      "mode": "data",
      "type": "aws_availability_zones",
      "name": "available",
      "provider": "provider[\"registry.terraform.io/hashicorp/aws\"]",
      "instances": [
        {
          "schema_version": 0,
          "attributes": {
            "all_availability_zones": null,
            "exclude_names": null,
            "exclude_zone_ids": null,
            "filter": null,
            "group_names": [
              "us-east-1"
            ],
            "id": "us-east-1",
            "names": [
              "us-east-1a",
              "us-east-1b",
              "us-east-1c",
              "us-east-1d",
              "us-east-1e",
              "us-east-1f"
            ],
            "state": "available",
            "zone_ids": [
              "use1-az6",
              "use1-az1",
              "use1-az2",
              "use1-az4",
              "use1-az3",
              "use1-az5"
            ]
          },
          "sensitive_attributes": []
        }
      ]
    },
    {
      "mode": "managed",
      "type": "aws_eip",
      "name": "nat_eip",
      "provider": "provider[\"registry.terraform.io/hashicorp/aws\"]",
      "instances": [
        {
          "schema_version": 0,
          "attributes": {
            "address": null,
            "allocation_id": "eipalloc-0b42aecafb6d46ffd",
            "associate_with_private_ip": null,
            "association_id": "",
            "carrier_ip": "",
            "customer_owned_ip": "",
            "customer_owned_ipv4_pool": "",
            "domain": "vpc",
            "id": "eipalloc-0b42aecafb6d46ffd",
            "instance": "",
            "network_border_group": "us-east-1",
            "network_interface": "",
            "private_dns": null,
            "private_ip": "",
            "public_dns": "ec2-44-196-69-165.compute-1.amazonaws.com",
            "public_ip": "44.196.69.165",
            "public_ipv4_pool": "amazon",
            "tags": {
              "Billing-Account": "0040789356",
              "Enviroment": "production",
              "Managed-By": "Terraform",
              "Name": "royalt-EIP",
              "Owner-Email": "itoya@moses.com"
            },
            "tags_all": {
              "Billing-Account": "0040789356",
              "Enviroment": "production",
              "Managed-By": "Terraform",
              "Name": "royalt-EIP",
              "Owner-Email": "itoya@moses.com"
            },
            "timeouts": null,
            "vpc": true
          },
          "sensitive_attributes": [],
          "private": "eyJlMmJmYjczMC1lY2FhLTExZTYtOGY4OC0zNDM2M2JjN2M0YzAiOnsiZGVsZXRlIjoxODAwMDAwMDAwMDAsInJlYWQiOjkwMDAwMDAwMDAwMCwidXBkYXRlIjozMDAwMDAwMDAwMDB9fQ==",
          "dependencies": [
            "aws_internet_gateway.ig",
            "aws_vpc.main"
          ]
        }
      ]
    },
    {
      "mode": "managed",
      "type": "aws_internet_gateway",
      "name": "ig",
      "provider": "provider[\"registry.terraform.io/hashicorp/aws\"]",
      "instances": [
        {
          "schema_version": 0,
          "attributes": {
            "arn": "arn:aws:ec2:us-east-1:046660960196:internet-gateway/igw-0bc46dff87046fad6",
            "id": "igw-0bc46dff87046fad6",
            "owner_id": "046660960196",
            "tags": {
              "Billing-Account": "0040789356",
              "Enviroment": "production",
              "Managed-By": "Terraform",
              "Name": "vpc-0bf828fbaed78cc3b-IG!",
              "Owner-Email": "itoya@moses.com"
            },
            "tags_all": {
              "Billing-Account": "0040789356",
              "Enviroment": "production",
              "Managed-By": "Terraform",
              "Name": "vpc-0bf828fbaed78cc3b-IG!",
              "Owner-Email": "itoya@moses.com"
            },
            "vpc_id": "vpc-0bf828fbaed78cc3b"
          },
          "sensitive_attributes": [],
          "private": "bnVsbA==",
          "dependencies": [
            "aws_vpc.main"
          ]
        }
      ]
    },
    {
      "mode": "managed",
      "type": "aws_nat_gateway",
      "name": "nat",
      "provider": "provider[\"registry.terraform.io/hashicorp/aws\"]",
      "instances": [
        {
          "schema_version": 0,
          "attributes": {
            "allocation_id": "eipalloc-0b42aecafb6d46ffd",
            "connectivity_type": "public",
            "id": "nat-06bc49dceebbba59e",
            "network_interface_id": "eni-055c4cb803de2838a",
            "private_ip": "172.16.0.125",
            "public_ip": "44.196.69.165",
            "subnet_id": "subnet-0eb1df172aecdbf25",
            "tags": {
              "Billing-Account": "0040789356",
              "Enviroment": "production",
              "Managed-By": "Terraform",
              "Name": "royalt-Nat",
              "Owner-Email": "itoya@moses.com"
            },
            "tags_all": {
              "Billing-Account": "0040789356",
              "Enviroment": "production",
              "Managed-By": "Terraform",
              "Name": "royalt-Nat",
              "Owner-Email": "itoya@moses.com"
            }
          },
          "sensitive_attributes": [],
          "private": "bnVsbA==",
          "dependencies": [
            "aws_eip.nat_eip",
            "aws_internet_gateway.ig",
            "aws_subnet.public",
            "aws_vpc.main",
            "data.aws_availability_zones.available"
          ]
        }
      ]
    },
    {
      "mode": "managed",
      "type": "aws_route",
      "name": "public-rtb-route",
      "provider": "provider[\"registry.terraform.io/hashicorp/aws\"]",
      "instances": [
        {
          "schema_version": 0,
          "attributes": {
            "carrier_gateway_id": "",
            "core_network_arn": "",
            "destination_cidr_block": "0.0.0.0/0",
            "destination_ipv6_cidr_block": "",
            "destination_prefix_list_id": "",
            "egress_only_gateway_id": "",
            "gateway_id": "igw-0bc46dff87046fad6",
            "id": "r-rtb-05597167229918b4b1080289494",
            "instance_id": "",
            "instance_owner_id": "",
            "local_gateway_id": "",
            "nat_gateway_id": "",
            "network_interface_id": "",
            "origin": "CreateRoute",
            "route_table_id": "rtb-05597167229918b4b",
            "state": "active",
            "timeouts": null,
            "transit_gateway_id": "",
            "vpc_endpoint_id": "",
            "vpc_peering_connection_id": ""
          },
          "sensitive_attributes": [],
          "private": "eyJlMmJmYjczMC1lY2FhLTExZTYtOGY4OC0zNDM2M2JjN2M0YzAiOnsiY3JlYXRlIjozMDAwMDAwMDAwMDAsImRlbGV0ZSI6MzAwMDAwMDAwMDAwLCJ1cGRhdGUiOjEyMDAwMDAwMDAwMH19",
          "dependencies": [
            "aws_internet_gateway.ig",
            "aws_route_table.public-rtb",
            "aws_vpc.main"
          ]
        }
      ]
    },
    {
      "mode": "managed",
      "type": "aws_route_table",
      "name": "private-rtb",
      "provider": "provider[\"registry.terraform.io/hashicorp/aws\"]",
      "instances": [
        {
          "schema_version": 0,
          "attributes": {
            "arn": "arn:aws:ec2:us-east-1:046660960196:route-table/rtb-08489d399e9f53271",
            "id": "rtb-08489d399e9f53271",
            "owner_id": "046660960196",
            "propagating_vgws": [],
            "route": [],
            "tags": {
              "Billing-Account": "0040789356",
              "Enviroment": "production",
              "Managed-By": "Terraform",
              "Name": "royalt-Private-Route-Table",
              "Owner-Email": "itoya@moses.com"
            },
            "tags_all": {
              "Billing-Account": "0040789356",
              "Enviroment": "production",
              "Managed-By": "Terraform",
              "Name": "royalt-Private-Route-Table",
              "Owner-Email": "itoya@moses.com"
            },
            "timeouts": null,
            "vpc_id": "vpc-0bf828fbaed78cc3b"
          },
          "sensitive_attributes": [],
          "private": "eyJlMmJmYjczMC1lY2FhLTExZTYtOGY4OC0zNDM2M2JjN2M0YzAiOnsiY3JlYXRlIjozMDAwMDAwMDAwMDAsImRlbGV0ZSI6MzAwMDAwMDAwMDAwLCJ1cGRhdGUiOjEyMDAwMDAwMDAwMH19",
          "dependencies": [
            "aws_vpc.main"
          ]
        }
      ]
    },
    {
      "mode": "managed",
      "type": "aws_route_table",
      "name": "public-rtb",
      "provider": "provider[\"registry.terraform.io/hashicorp/aws\"]",
      "instances": [
        {
          "schema_version": 0,
          "attributes": {
            "arn": "arn:aws:ec2:us-east-1:046660960196:route-table/rtb-05597167229918b4b",
            "id": "rtb-05597167229918b4b",
            "owner_id": "046660960196",
            "propagating_vgws": [],
            "route": [],
            "tags": {
              "Billing-Account": "0040789356",
              "Enviroment": "production",
              "Managed-By": "Terraform",
              "Name": "royalt-Public-Route-Table",
              "Owner-Email": "itoya@moses.com"
            },
            "tags_all": {
              "Billing-Account": "0040789356",
              "Enviroment": "production",
              "Managed-By": "Terraform",
              "Name": "royalt-Public-Route-Table",
              "Owner-Email": "itoya@moses.com"
            },
            "timeouts": null,
            "vpc_id": "vpc-0bf828fbaed78cc3b"
          },
          "sensitive_attributes": [],
          "private": "eyJlMmJmYjczMC1lY2FhLTExZTYtOGY4OC0zNDM2M2JjN2M0YzAiOnsiY3JlYXRlIjozMDAwMDAwMDAwMDAsImRlbGV0ZSI6MzAwMDAwMDAwMDAwLCJ1cGRhdGUiOjEyMDAwMDAwMDAwMH19",
          "dependencies": [
            "aws_vpc.main"
          ]
        }
      ]
    },
    {
      "mode": "managed",
      "type": "aws_route_table_association",
      "name": "private-subnets-assoc",
      "provider": "provider[\"registry.terraform.io/hashicorp/aws\"]",
      "instances": [
        {
          "index_key": 0,
          "schema_version": 0,
          "attributes": {
            "gateway_id": "",
            "id": "rtbassoc-00eb77666a42935fa",
            "route_table_id": "rtb-08489d399e9f53271",
            "subnet_id": "subnet-0dc6517ced8bc7009"
          },
          "sensitive_attributes": [],
          "private": "bnVsbA==",
          "dependencies": [
            "aws_route_table.private-rtb",
            "aws_subnet.private",
            "aws_vpc.main",
            "data.aws_availability_zones.available"
          ]
        },
        {
          "index_key": 1,
          "schema_version": 0,
          "attributes": {
            "gateway_id": "",
            "id": "rtbassoc-0dbf297bf87d8338e",
            "route_table_id": "rtb-08489d399e9f53271",
            "subnet_id": "subnet-06aaf9ef0fda3a595"
          },
          "sensitive_attributes": [],
          "private": "bnVsbA==",
          "dependencies": [
            "aws_route_table.private-rtb",
            "aws_subnet.private",
            "aws_vpc.main",
            "data.aws_availability_zones.available"
          ]
        },
        {
          "index_key": 2,
          "schema_version": 0,
          "attributes": {
            "gateway_id": "",
            "id": "rtbassoc-0aca24e852f9ea6e1",
            "route_table_id": "rtb-08489d399e9f53271",
            "subnet_id": "subnet-0c57173578e078a1e"
          },
          "sensitive_attributes": [],
          "private": "bnVsbA==",
          "dependencies": [
            "aws_route_table.private-rtb",
            "aws_subnet.private",
            "aws_vpc.main",
            "data.aws_availability_zones.available"
          ]
        },
        {
          "index_key": 3,
          "schema_version": 0,
          "attributes": {
            "gateway_id": "",
            "id": "rtbassoc-0f3bbd0335f444d81",
            "route_table_id": "rtb-08489d399e9f53271",
            "subnet_id": "subnet-0b40c54d6bcf7cb7d"
          },
          "sensitive_attributes": [],
          "private": "bnVsbA==",
          "dependencies": [
            "aws_route_table.private-rtb",
            "aws_subnet.private",
            "aws_vpc.main",
            "data.aws_availability_zones.available"
          ]
        }
      ]
    },
    {
      "mode": "managed",
      "type": "aws_route_table_association",
      "name": "public-subnets-assoc",
      "provider": "provider[\"registry.terraform.io/hashicorp/aws\"]",
      "instances": [
        {
          "index_key": 0,
          "schema_version": 0,
          "attributes": {
            "gateway_id": "",
            "id": "rtbassoc-0ab6fde6fe67a6363",
            "route_table_id": "rtb-05597167229918b4b",
            "subnet_id": "subnet-0eb1df172aecdbf25"
          },
          "sensitive_attributes": [],
          "private": "bnVsbA==",
          "dependencies": [
            "aws_route_table.public-rtb",
            "aws_subnet.public",
            "aws_vpc.main",
            "data.aws_availability_zones.available"
          ]
        },
        {
          "index_key": 1,
          "schema_version": 0,
          "attributes": {
            "gateway_id": "",
            "id": "rtbassoc-06cd2dff864298d78",
            "route_table_id": "rtb-05597167229918b4b",
            "subnet_id": "subnet-0fd75435c0f392db1"
          },
          "sensitive_attributes": [],
          "private": "bnVsbA==",
          "dependencies": [
            "aws_route_table.public-rtb",
            "aws_subnet.public",
            "aws_vpc.main",
            "data.aws_availability_zones.available"
          ]
        }
      ]
    },
    {
      "mode": "managed",
      "type": "aws_subnet",
      "name": "private",
      "provider": "provider[\"registry.terraform.io/hashicorp/aws\"]",
      "instances": [
        {
          "index_key": 0,
          "schema_version": 1,
          "attributes": {
            "arn": "arn:aws:ec2:us-east-1:046660960196:subnet/subnet-0dc6517ced8bc7009",
            "assign_ipv6_address_on_creation": false,
            "availability_zone": "us-east-1a",
            "availability_zone_id": "use1-az6",
            "cidr_block": "172.16.2.0/24",
            "customer_owned_ipv4_pool": "",
            "enable_dns64": false,
            "enable_resource_name_dns_a_record_on_launch": false,
            "enable_resource_name_dns_aaaa_record_on_launch": false,
            "id": "subnet-0dc6517ced8bc7009",
            "ipv6_cidr_block": "",
            "ipv6_cidr_block_association_id": "",
            "ipv6_native": false,
            "map_customer_owned_ip_on_launch": false,
            "map_public_ip_on_launch": true,
            "outpost_arn": "",
            "owner_id": "046660960196",
            "private_dns_hostname_type_on_launch": "ip-name",
            "tags": {
              "Billing-Account": "0040789356",
              "Enviroment": "production",
              "Managed-By": "Terraform",
              "Owner-Email": "itoya@moses.com",
              "name": "royalt-Private-subnet"
            },
            "tags_all": {
              "Billing-Account": "0040789356",
              "Enviroment": "production",
              "Managed-By": "Terraform",
              "Owner-Email": "itoya@moses.com",
              "name": "royalt-Private-subnet"
            },
            "timeouts": null,
            "vpc_id": "vpc-0bf828fbaed78cc3b"
          },
          "sensitive_attributes": [],
          "private": "eyJlMmJmYjczMC1lY2FhLTExZTYtOGY4OC0zNDM2M2JjN2M0YzAiOnsiY3JlYXRlIjo2MDAwMDAwMDAwMDAsImRlbGV0ZSI6MTIwMDAwMDAwMDAwMH0sInNjaGVtYV92ZXJzaW9uIjoiMSJ9",
          "dependencies": [
            "aws_vpc.main",
            "data.aws_availability_zones.available"
          ]
        },
        {
          "index_key": 1,
          "schema_version": 1,
          "attributes": {
            "arn": "arn:aws:ec2:us-east-1:046660960196:subnet/subnet-06aaf9ef0fda3a595",
            "assign_ipv6_address_on_creation": false,
            "availability_zone": "us-east-1b",
            "availability_zone_id": "use1-az1",
            "cidr_block": "172.16.3.0/24",
            "customer_owned_ipv4_pool": "",
            "enable_dns64": false,
            "enable_resource_name_dns_a_record_on_launch": false,
            "enable_resource_name_dns_aaaa_record_on_launch": false,
            "id": "subnet-06aaf9ef0fda3a595",
            "ipv6_cidr_block": "",
            "ipv6_cidr_block_association_id": "",
            "ipv6_native": false,
            "map_customer_owned_ip_on_launch": false,
            "map_public_ip_on_launch": true,
            "outpost_arn": "",
            "owner_id": "046660960196",
            "private_dns_hostname_type_on_launch": "ip-name",
            "tags": {
              "Billing-Account": "0040789356",
              "Enviroment": "production",
              "Managed-By": "Terraform",
              "Owner-Email": "itoya@moses.com",
              "name": "royalt-Private-subnet"
            },
            "tags_all": {
              "Billing-Account": "0040789356",
              "Enviroment": "production",
              "Managed-By": "Terraform",
              "Owner-Email": "itoya@moses.com",
              "name": "royalt-Private-subnet"
            },
            "timeouts": null,
            "vpc_id": "vpc-0bf828fbaed78cc3b"
          },
          "sensitive_attributes": [],
          "private": "eyJlMmJmYjczMC1lY2FhLTExZTYtOGY4OC0zNDM2M2JjN2M0YzAiOnsiY3JlYXRlIjo2MDAwMDAwMDAwMDAsImRlbGV0ZSI6MTIwMDAwMDAwMDAwMH0sInNjaGVtYV92ZXJzaW9uIjoiMSJ9",
          "dependencies": [
            "aws_vpc.main",
            "data.aws_availability_zones.available"
          ]
        },
        {
          "index_key": 2,
          "schema_version": 1,
          "attributes": {
            "arn": "arn:aws:ec2:us-east-1:046660960196:subnet/subnet-0c57173578e078a1e",
            "assign_ipv6_address_on_creation": false,
            "availability_zone": "us-east-1c",
            "availability_zone_id": "use1-az2",
            "cidr_block": "172.16.4.0/24",
            "customer_owned_ipv4_pool": "",
            "enable_dns64": false,
            "enable_resource_name_dns_a_record_on_launch": false,
            "enable_resource_name_dns_aaaa_record_on_launch": false,
            "id": "subnet-0c57173578e078a1e",
            "ipv6_cidr_block": "",
            "ipv6_cidr_block_association_id": "",
            "ipv6_native": false,
            "map_customer_owned_ip_on_launch": false,
            "map_public_ip_on_launch": true,
            "outpost_arn": "",
            "owner_id": "046660960196",
            "private_dns_hostname_type_on_launch": "ip-name",
            "tags": {
              "Billing-Account": "0040789356",
              "Enviroment": "production",
              "Managed-By": "Terraform",
              "Owner-Email": "itoya@moses.com",
              "name": "royalt-Private-subnet"
            },
            "tags_all": {
              "Billing-Account": "0040789356",
              "Enviroment": "production",
              "Managed-By": "Terraform",
              "Owner-Email": "itoya@moses.com",
              "name": "royalt-Private-subnet"
            },
            "timeouts": null,
            "vpc_id": "vpc-0bf828fbaed78cc3b"
          },
          "sensitive_attributes": [],
          "private": "eyJlMmJmYjczMC1lY2FhLTExZTYtOGY4OC0zNDM2M2JjN2M0YzAiOnsiY3JlYXRlIjo2MDAwMDAwMDAwMDAsImRlbGV0ZSI6MTIwMDAwMDAwMDAwMH0sInNjaGVtYV92ZXJzaW9uIjoiMSJ9",
          "dependencies": [
            "aws_vpc.main",
            "data.aws_availability_zones.available"
          ]
        },
        {
          "index_key": 3,
          "schema_version": 1,
          "attributes": {
            "arn": "arn:aws:ec2:us-east-1:046660960196:subnet/subnet-0b40c54d6bcf7cb7d",
            "assign_ipv6_address_on_creation": false,
            "availability_zone": "us-east-1d",
            "availability_zone_id": "use1-az4",
            "cidr_block": "172.16.5.0/24",
            "customer_owned_ipv4_pool": "",
            "enable_dns64": false,
            "enable_resource_name_dns_a_record_on_launch": false,
            "enable_resource_name_dns_aaaa_record_on_launch": false,
            "id": "subnet-0b40c54d6bcf7cb7d",
            "ipv6_cidr_block": "",
            "ipv6_cidr_block_association_id": "",
            "ipv6_native": false,
            "map_customer_owned_ip_on_launch": false,
            "map_public_ip_on_launch": true,
            "outpost_arn": "",
            "owner_id": "046660960196",
            "private_dns_hostname_type_on_launch": "ip-name",
            "tags": {
              "Billing-Account": "0040789356",
              "Enviroment": "production",
              "Managed-By": "Terraform",
              "Owner-Email": "itoya@moses.com",
              "name": "royalt-Private-subnet"
            },
            "tags_all": {
              "Billing-Account": "0040789356",
              "Enviroment": "production",
              "Managed-By": "Terraform",
              "Owner-Email": "itoya@moses.com",
              "name": "royalt-Private-subnet"
            },
            "timeouts": null,
            "vpc_id": "vpc-0bf828fbaed78cc3b"
          },
          "sensitive_attributes": [],
          "private": "eyJlMmJmYjczMC1lY2FhLTExZTYtOGY4OC0zNDM2M2JjN2M0YzAiOnsiY3JlYXRlIjo2MDAwMDAwMDAwMDAsImRlbGV0ZSI6MTIwMDAwMDAwMDAwMH0sInNjaGVtYV92ZXJzaW9uIjoiMSJ9",
          "dependencies": [
            "aws_vpc.main",
            "data.aws_availability_zones.available"
          ]
        }
      ]
    },
    {
      "mode": "managed",
      "type": "aws_subnet",
      "name": "public",
      "provider": "provider[\"registry.terraform.io/hashicorp/aws\"]",
      "instances": [
        {
          "index_key": 0,
          "schema_version": 1,
          "attributes": {
            "arn": "arn:aws:ec2:us-east-1:046660960196:subnet/subnet-0eb1df172aecdbf25",
            "assign_ipv6_address_on_creation": false,
            "availability_zone": "us-east-1a",
            "availability_zone_id": "use1-az6",
            "cidr_block": "172.16.0.0/24",
            "customer_owned_ipv4_pool": "",
            "enable_dns64": false,
            "enable_resource_name_dns_a_record_on_launch": false,
            "enable_resource_name_dns_aaaa_record_on_launch": false,
            "id": "subnet-0eb1df172aecdbf25",
            "ipv6_cidr_block": "",
            "ipv6_cidr_block_association_id": "",
            "ipv6_native": false,
            "map_customer_owned_ip_on_launch": false,
            "map_public_ip_on_launch": true,
            "outpost_arn": "",
            "owner_id": "046660960196",
            "private_dns_hostname_type_on_launch": "ip-name",
            "tags": {
              "Billing-Account": "0040789356",
              "Enviroment": "production",
              "Managed-By": "Terraform",
              "Owner-Email": "itoya@moses.com",
              "name": "royalt-Public-Subnet"
            },
            "tags_all": {
              "Billing-Account": "0040789356",
              "Enviroment": "production",
              "Managed-By": "Terraform",
              "Owner-Email": "itoya@moses.com",
              "name": "royalt-Public-Subnet"
            },
            "timeouts": null,
            "vpc_id": "vpc-0bf828fbaed78cc3b"
          },
          "sensitive_attributes": [],
          "private": "eyJlMmJmYjczMC1lY2FhLTExZTYtOGY4OC0zNDM2M2JjN2M0YzAiOnsiY3JlYXRlIjo2MDAwMDAwMDAwMDAsImRlbGV0ZSI6MTIwMDAwMDAwMDAwMH0sInNjaGVtYV92ZXJzaW9uIjoiMSJ9",
          "dependencies": [
            "aws_vpc.main",
            "data.aws_availability_zones.available"
          ]
        },
        {
          "index_key": 1,
          "schema_version": 1,
          "attributes": {
            "arn": "arn:aws:ec2:us-east-1:046660960196:subnet/subnet-0fd75435c0f392db1",
            "assign_ipv6_address_on_creation": false,
            "availability_zone": "us-east-1b",
            "availability_zone_id": "use1-az1",
            "cidr_block": "172.16.1.0/24",
            "customer_owned_ipv4_pool": "",
            "enable_dns64": false,
            "enable_resource_name_dns_a_record_on_launch": false,
            "enable_resource_name_dns_aaaa_record_on_launch": false,
            "id": "subnet-0fd75435c0f392db1",
            "ipv6_cidr_block": "",
            "ipv6_cidr_block_association_id": "",
            "ipv6_native": false,
            "map_customer_owned_ip_on_launch": false,
            "map_public_ip_on_launch": true,
            "outpost_arn": "",
            "owner_id": "046660960196",
            "private_dns_hostname_type_on_launch": "ip-name",
            "tags": {
              "Billing-Account": "0040789356",
              "Enviroment": "production",
              "Managed-By": "Terraform",
              "Owner-Email": "itoya@moses.com",
              "name": "royalt-Public-Subnet"
            },
            "tags_all": {
              "Billing-Account": "0040789356",
              "Enviroment": "production",
              "Managed-By": "Terraform",
              "Owner-Email": "itoya@moses.com",
              "name": "royalt-Public-Subnet"
            },
            "timeouts": null,
            "vpc_id": "vpc-0bf828fbaed78cc3b"
          },
          "sensitive_attributes": [],
          "private": "eyJlMmJmYjczMC1lY2FhLTExZTYtOGY4OC0zNDM2M2JjN2M0YzAiOnsiY3JlYXRlIjo2MDAwMDAwMDAwMDAsImRlbGV0ZSI6MTIwMDAwMDAwMDAwMH0sInNjaGVtYV92ZXJzaW9uIjoiMSJ9",
          "dependencies": [
            "aws_vpc.main",
            "data.aws_availability_zones.available"
          ]
        }
      ]
    },
    {
      "mode": "managed",
      "type": "aws_vpc",
      "name": "main",
      "provider": "provider[\"registry.terraform.io/hashicorp/aws\"]",
      "instances": [
        {
          "schema_version": 1,
          "attributes": {
            "arn": "arn:aws:ec2:us-east-1:046660960196:vpc/vpc-0bf828fbaed78cc3b",
            "assign_generated_ipv6_cidr_block": false,
            "cidr_block": "172.16.0.0/16",
            "default_network_acl_id": "acl-0309f8914e8fbfd52",
            "default_route_table_id": "rtb-0618cc79e61147ff3",
            "default_security_group_id": "sg-05740a631293c6abf",
            "dhcp_options_id": "dopt-09356bface415ed28",
            "enable_classiclink": false,
            "enable_classiclink_dns_support": false,
            "enable_dns_hostnames": true,
            "enable_dns_support": true,
            "id": "vpc-0bf828fbaed78cc3b",
            "instance_tenancy": "default",
            "ipv4_ipam_pool_id": null,
            "ipv4_netmask_length": null,
            "ipv6_association_id": "",
            "ipv6_cidr_block": "",
            "ipv6_cidr_block_network_border_group": "",
            "ipv6_ipam_pool_id": "",
            "ipv6_netmask_length": 0,
            "main_route_table_id": "rtb-0618cc79e61147ff3",
            "owner_id": "046660960196",
            "tags": null,
            "tags_all": {}
          },
          "sensitive_attributes": [],
          "private": "eyJzY2hlbWFfdmVyc2lvbiI6IjEifQ=="
        }
      ]
    }
  ]
}
